
Microsoft Visual Studio Solution File, Format Version 12.00
# Visual Studio 15
VisualStudioVersion = 15.0.28307.539
MinimumVisualStudioVersion = 10.0.40219.1
Project("{FAE04EC0-301F-11D3-BF4B-00C04F79EFBC}") = "Icatu.EmployeeManagerAPI", "Icatu.EmployeeManagerAPI\Icatu.EmployeeManagerAPI.csproj", "{C1BF5303-56E2-4B40-A8DB-DC5EB958FFDE}"
EndProject
Global
	GlobalSection(SolutionConfigurationPlatforms) = preSolution
		Debug|Any CPU = Debug|Any CPU
		Release|Any CPU = Release|Any CPU
	EndGlobalSection
	GlobalSection(ProjectConfigurationPlatforms) = postSolution
		{C1BF5303-56E2-4B40-A8DB-DC5EB958FFDE}.Debug|Any CPU.ActiveCfg = Debug|Any CPU
		{C1BF5303-56E2-4B40-A8DB-DC5EB958FFDE}.Debug|Any CPU.Build.0 = Debug|Any CPU
		{C1BF5303-56E2-4B40-A8DB-DC5EB958FFDE}.Release|Any CPU.ActiveCfg = Release|Any CPU
		{C1BF5303-56E2-4B40-A8DB-DC5EB958FFDE}.Release|Any CPU.Build.0 = Release|Any CPU
	EndGlobalSection
	GlobalSection(SolutionProperties) = preSolution
		HideSolutionNode = FALSE
	EndGlobalSection
	GlobalSection(ExtensibilityGlobals) = postSolution
		SolutionGuid = {8780BD75-CD65-4A8A-82A5-3C233DC1D4CA}
	EndGlobalSection
EndGlobal
